// !$*UTF8*$!
{
	archiveVersion = 1;
	classes = {
	};
	objectVersion = 77;
	objects = {

/* Begin PBXBuildFile section */
		1541E9D33036B49300C8AF93 /* ZIPFoundation in Frameworks */ = {isa = PBXBuildFile; productRef = 1541E9D23036B49300C8AF93 /* ZIPFoundation */; };
		1541E9D63036B56800C8AF93 /* MobileCoreServices.framework in Frameworks */ = {isa = PBXBuildFile; fileRef = 1541E9D53036B56800C8AF93 /* MobileCoreServices.framework */; };
		157FB19F30301A850050327F /* PartyUI in Frameworks */ = {isa = PBXBuildFile; productRef = 157FB19E30301A850050327F /* PartyUI */; };
		000000000000000000000008 /* ErosionApp.swift in Sources */ = {isa = PBXBuildFile; fileRef = 000000000000000000000007 /* ErosionApp.swift */; };
		00000000000000000000000A /* ContentView.swift in Sources */ = {isa = PBXBuildFile; fileRef = 000000000000000000000009 /* ContentView.swift */; };
		00000000000000000000000C /* ErosionManager.swift in Sources */ = {isa = PBXBuildFile; fileRef = 00000000000000000000000B /* ErosionManager.swift */; };
		000000000000000000000010 /* Assets.xcassets in Resources */ = {isa = PBXBuildFile; fileRef = 00000000000000000000000F /* Assets.xcassets */; };
		000000000000000000000012 /* App/ButtonStyles.swift in Sources */ = {isa = PBXBuildFile; fileRef = 000000000000000000000011 /* App/ButtonStyles.swift */; };
		000000000000000000000014 /* App/InfoSheet.swift in Sources */ = {isa = PBXBuildFile; fileRef = 000000000000000000000013 /* App/InfoSheet.swift */; };
		000000000000000000000016 /* App/LogView.swift in Sources */ = {isa = PBXBuildFile; fileRef = 000000000000000000000015 /* App/LogView.swift */; };
		000000000000000000000018 /* App/SettingsView.swift in Sources */ = {isa = PBXBuildFile; fileRef = 000000000000000000000017 /* App/SettingsView.swift */; };
		00000000000000000000001A /* Exploits/BadQuerySwift.swift in Sources */ = {isa = PBXBuildFile; fileRef = 000000000000000000000019 /* Exploits/BadQuerySwift.swift */; };
		00000000000000000000001C /* Exploits/bad_query.c in Sources */ = {isa = PBXBuildFile; fileRef = 00000000000000000000001B /* Exploits/bad_query.c */; };
		00000000000000000000001F /* Helpers/DeviceInfoHelpers.swift in Sources */ = {isa = PBXBuildFile; fileRef = 00000000000000000000001E /* Helpers/DeviceInfoHelpers.swift */; };
		000000000000000000000021 /* Helpers/Extensions.swift in Sources */ = {isa = PBXBuildFile; fileRef = 000000000000000000000020 /* Helpers/Extensions.swift */; };
		000000000000000000000023 /* Helpers/FSHandlers.swift in Sources */ = {isa = PBXBuildFile; fileRef = 000000000000000000000022 /* Helpers/FSHandlers.swift */; };
		000000000000000000000025 /* Helpers/Respring.swift in Sources */ = {isa = PBXBuildFile; fileRef = 000000000000000000000024 /* Helpers/Respring.swift */; };
		000000000000000000000027 /* Helpers/WriteHelpers.swift in Sources */ = {isa = PBXBuildFile; fileRef = 000000000000000000000026 /* Helpers/WriteHelpers.swift */; };
		000000000000000000000029 /* MobileGestalt/GestaltHelpers.swift in Sources */ = {isa = PBXBuildFile; fileRef = 000000000000000000000028 /* MobileGestalt/GestaltHelpers.swift */; };
		00000000000000000000002B /* MobileGestalt/GestaltStore.swift in Sources */ = {isa = PBXBuildFile; fileRef = 00000000000000000000002A /* MobileGestalt/GestaltStore.swift */; };
		00000000000000000000002D /* MobileGestalt/GestaltView.swift in Sources */ = {isa = PBXBuildFile; fileRef = 00000000000000000000002C /* MobileGestalt/GestaltView.swift */; };
		00000000000000000000002F /* PosterBoard/PBHandler.swift in Sources */ = {isa = PBXBuildFile; fileRef = 00000000000000000000002E /* PosterBoard/PBHandler.swift */; };
		000000000000000000000031 /* PosterBoard/PosterBoardView.swift in Sources */ = {isa = PBXBuildFile; fileRef = 000000000000000000000030 /* PosterBoard/PosterBoardView.swift */; };
		000000000000000000000033 /* Tweaks/ConfigView.swift in Sources */ = {isa = PBXBuildFile; fileRef = 000000000000000000000032 /* Tweaks/ConfigView.swift */; };
		000000000000000000000035 /* Tweaks/OperationsView.swift in Sources */ = {isa = PBXBuildFile; fileRef = 000000000000000000000034 /* Tweaks/OperationsView.swift */; };
/* End PBXBuildFile section */

/* Begin PBXFileReference section */
		151457FF302FE21A00DDFE07 /* Erosion.app */ = {isa = PBXFileReference; explicitFileType = wrapper.application; includeInIndex = 0; path = Erosion.app; sourceTree = BUILT_PRODUCTS_DIR; };
		1541E9D53036B56800C8AF93 /* MobileCoreServices.framework */ = {isa = PBXFileReference; lastKnownFileType = wrapper.framework; name = MobileCoreServices.framework; path = Platforms/iPhoneOS.platform/Developer/SDKs/iPhoneOS.sdk/System/Library/Frameworks/MobileCoreServices.framework; sourceTree = DEVELOPER_DIR; };
		000000000000000000000007 /* ErosionApp.swift */ = {isa = PBXFileReference; lastKnownFileType = sourcecode.swift; path = ErosionApp.swift; sourceTree = "<group>"; };
		000000000000000000000009 /* ContentView.swift */ = {isa = PBXFileReference; lastKnownFileType = sourcecode.swift; path = ContentView.swift; sourceTree = "<group>"; };
		00000000000000000000000B /* ErosionManager.swift */ = {isa = PBXFileReference; lastKnownFileType = sourcecode.swift; path = ErosionManager.swift; sourceTree = "<group>"; };
		00000000000000000000000D /* bridge.h */ = {isa = PBXFileReference; lastKnownFileType = sourcecode.c.h; path = bridge.h; sourceTree = "<group>"; };
		00000000000000000000000E /* Info.plist */ = {isa = PBXFileReference; lastKnownFileType = text.plist.xml; path = Info.plist; sourceTree = "<group>"; };
		00000000000000000000000F /* Assets.xcassets */ = {isa = PBXFileReference; lastKnownFileType = folder.assetcatalog; path = Assets.xcassets; sourceTree = "<group>"; };
		000000000000000000000011 /* App/ButtonStyles.swift */ = {isa = PBXFileReference; lastKnownFileType = sourcecode.swift; path = App/ButtonStyles.swift; sourceTree = "<group>"; };
		000000000000000000000013 /* App/InfoSheet.swift */ = {isa = PBXFileReference; lastKnownFileType = sourcecode.swift; path = App/InfoSheet.swift; sourceTree = "<group>"; };
		000000000000000000000015 /* App/LogView.swift */ = {isa = PBXFileReference; lastKnownFileType = sourcecode.swift; path = App/LogView.swift; sourceTree = "<group>"; };
		000000000000000000000017 /* App/SettingsView.swift */ = {isa = PBXFileReference; lastKnownFileType = sourcecode.swift; path = App/SettingsView.swift; sourceTree = "<group>"; };
		000000000000000000000019 /* Exploits/BadQuerySwift.swift */ = {isa = PBXFileReference; lastKnownFileType = sourcecode.swift; path = Exploits/BadQuerySwift.swift; sourceTree = "<group>"; };
		00000000000000000000001B /* Exploits/bad_query.c */ = {isa = PBXFileReference; lastKnownFileType = sourcecode.c.c; path = Exploits/bad_query.c; sourceTree = "<group>"; };
		00000000000000000000001D /* Exploits/bad_query.h */ = {isa = PBXFileReference; lastKnownFileType = sourcecode.c.h; path = Exploits/bad_query.h; sourceTree = "<group>"; };
		00000000000000000000001E /* Helpers/DeviceInfoHelpers.swift */ = {isa = PBXFileReference; lastKnownFileType = sourcecode.swift; path = Helpers/DeviceInfoHelpers.swift; sourceTree = "<group>"; };
		000000000000000000000020 /* Helpers/Extensions.swift */ = {isa = PBXFileReference; lastKnownFileType = sourcecode.swift; path = Helpers/Extensions.swift; sourceTree = "<group>"; };
		000000000000000000000022 /* Helpers/FSHandlers.swift */ = {isa = PBXFileReference; lastKnownFileType = sourcecode.swift; path = Helpers/FSHandlers.swift; sourceTree = "<group>"; };
		000000000000000000000024 /* Helpers/Respring.swift */ = {isa = PBXFileReference; lastKnownFileType = sourcecode.swift; path = Helpers/Respring.swift; sourceTree = "<group>"; };
		000000000000000000000026 /* Helpers/WriteHelpers.swift */ = {isa = PBXFileReference; lastKnownFileType = sourcecode.swift; path = Helpers/WriteHelpers.swift; sourceTree = "<group>"; };
		000000000000000000000028 /* MobileGestalt/GestaltHelpers.swift */ = {isa = PBXFileReference; lastKnownFileType = sourcecode.swift; path = MobileGestalt/GestaltHelpers.swift; sourceTree = "<group>"; };
		00000000000000000000002A /* MobileGestalt/GestaltStore.swift */ = {isa = PBXFileReference; lastKnownFileType = sourcecode.swift; path = MobileGestalt/GestaltStore.swift; sourceTree = "<group>"; };
		00000000000000000000002C /* MobileGestalt/GestaltView.swift */ = {isa = PBXFileReference; lastKnownFileType = sourcecode.swift; path = MobileGestalt/GestaltView.swift; sourceTree = "<group>"; };
		00000000000000000000002E /* PosterBoard/PBHandler.swift */ = {isa = PBXFileReference; lastKnownFileType = sourcecode.swift; path = PosterBoard/PBHandler.swift; sourceTree = "<group>"; };
		000000000000000000000030 /* PosterBoard/PosterBoardView.swift */ = {isa = PBXFileReference; lastKnownFileType = sourcecode.swift; path = PosterBoard/PosterBoardView.swift; sourceTree = "<group>"; };
		000000000000000000000032 /* Tweaks/ConfigView.swift */ = {isa = PBXFileReference; lastKnownFileType = sourcecode.swift; path = Tweaks/ConfigView.swift; sourceTree = "<group>"; };
		000000000000000000000034 /* Tweaks/OperationsView.swift */ = {isa = PBXFileReference; lastKnownFileType = sourcecode.swift; path = Tweaks/OperationsView.swift; sourceTree = "<group>"; };
/* End PBXFileReference section */


/* Begin PBXFileSystemSynchronizedRootGroup section (replaced by explicit groups) */
		15145801302FE21A00DDFE07 /* Erosion */ = {
			isa = PBXGroup;
			children = (
				000000000000000000000007 /* ErosionApp.swift */,
				000000000000000000000009 /* ContentView.swift */,
				00000000000000000000000B /* ErosionManager.swift */,
				00000000000000000000000D /* bridge.h */,
				00000000000000000000000E /* Info.plist */,
				00000000000000000000000F /* Assets.xcassets */,
				000000000000000000000001 /* App */,
				000000000000000000000002 /* Exploits */,
				000000000000000000000003 /* Helpers */,
				000000000000000000000004 /* MobileGestalt */,
				000000000000000000000005 /* PosterBoard */,
				000000000000000000000006 /* Tweaks */,
			);
			path = Erosion;
			sourceTree = "<group>";
		};
		000000000000000000000001 /* App */ = {
			isa = PBXGroup;
			children = (
					000000000000000000000011 /* App/ButtonStyles.swift */,
					000000000000000000000013 /* App/InfoSheet.swift */,
					000000000000000000000015 /* App/LogView.swift */,
					000000000000000000000017 /* App/SettingsView.swift */,
			);
			path = App;
			sourceTree = "<group>";
		};
		000000000000000000000002 /* Exploits */ = {
			isa = PBXGroup;
			children = (
					000000000000000000000019 /* Exploits/BadQuerySwift.swift */,
					00000000000000000000001B /* Exploits/bad_query.c */,
					00000000000000000000001D /* Exploits/bad_query.h */,
			);
			path = Exploits;
			sourceTree = "<group>";
		};
		000000000000000000000003 /* Helpers */ = {
			isa = PBXGroup;
			children = (
					00000000000000000000001E /* Helpers/DeviceInfoHelpers.swift */,
					000000000000000000000020 /* Helpers/Extensions.swift */,
					000000000000000000000022 /* Helpers/FSHandlers.swift */,
					000000000000000000000024 /* Helpers/Respring.swift */,
					000000000000000000000026 /* Helpers/WriteHelpers.swift */,
			);
			path = Helpers;
			sourceTree = "<group>";
		};
		000000000000000000000004 /* MobileGestalt */ = {
			isa = PBXGroup;
			children = (
					000000000000000000000028 /* MobileGestalt/GestaltHelpers.swift */,
					00000000000000000000002A /* MobileGestalt/GestaltStore.swift */,
					00000000000000000000002C /* MobileGestalt/GestaltView.swift */,
			);
			path = MobileGestalt;
			sourceTree = "<group>";
		};
		000000000000000000000005 /* PosterBoard */ = {
			isa = PBXGroup;
			children = (
					00000000000000000000002E /* PosterBoard/PBHandler.swift */,
					000000000000000000000030 /* PosterBoard/PosterBoardView.swift */,
			);
			path = PosterBoard;
			sourceTree = "<group>";
		};
		000000000000000000000006 /* Tweaks */ = {
			isa = PBXGroup;
			children = (
					000000000000000000000032 /* Tweaks/ConfigView.swift */,
					000000000000000000000034 /* Tweaks/OperationsView.swift */,
			);
			path = Tweaks;
			sourceTree = "<group>";
		};
/* End PBXFileSystemSynchronizedRootGroup section */

/* Begin PBXFrameworksBuildPhase section */
		151457FC302FE21A00DDFE07 /* Frameworks */ = {
			isa = PBXFrameworksBuildPhase;
			buildActionMask = 2147483647;
			files = (
				1541E9D63036B56800C8AF93 /* MobileCoreServices.framework in Frameworks */,
				157FB19F30301A850050327F /* PartyUI in Frameworks */,
				1541E9D33036B49300C8AF93 /* ZIPFoundation in Frameworks */,
			);
			runOnlyForDeploymentPostprocessing = 0;
		};
/* End PBXFrameworksBuildPhase section */

/* Begin PBXGroup section */
		151457F6302FE21A00DDFE07 = {
			isa = PBXGroup;
			children = (
				15145801302FE21A00DDFE07 /* Erosion */,
				1541E9D43036B56800C8AF93 /* Frameworks */,
				15145800302FE21A00DDFE07 /* Products */,
			);
			sourceTree = "<group>";
		};
		15145800302FE21A00DDFE07 /* Products */ = {
			isa = PBXGroup;
			children = (
				151457FF302FE21A00DDFE07 /* Erosion.app */,
			);
			name = Products;
			sourceTree = "<group>";
		};
		1541E9D43036B56800C8AF93 /* Frameworks */ = {
			isa = PBXGroup;
			children = (
				1541E9D53036B56800C8AF93 /* MobileCoreServices.framework */,
			);
			name = Frameworks;
			sourceTree = "<group>";
		};
/* End PBXGroup section */

/* Begin PBXNativeTarget section */
		151457FE302FE21A00DDFE07 /* Erosion */ = {
			isa = PBXNativeTarget;
			buildConfigurationList = 1514580A302FE21C00DDFE07 /* Build configuration list for PBXNativeTarget "Erosion" */;
			buildPhases = (
				151457FB302FE21A00DDFE07 /* Sources */,
				151457FC302FE21A00DDFE07 /* Frameworks */,
				151457FD302FE21A00DDFE07 /* Resources */,
			);
			buildRules = (
			);
			dependencies = (
			);
			name = Erosion;
			packageProductDependencies = (
				157FB19E30301A850050327F /* PartyUI */,
				1541E9D23036B49300C8AF93 /* ZIPFoundation */,
			);
			productName = Erosion;
			productReference = 151457FF302FE21A00DDFE07 /* Erosion.app */;
			productType = "com.apple.product-type.application";
		};
/* End PBXNativeTarget section */

/* Begin PBXProject section */
		151457F7302FE21A00DDFE07 /* Project object */ = {
			isa = PBXProject;
			attributes = {
				BuildIndependentTargetsInParallel = 1;
				LastSwiftUpdateCheck = 2620;
				LastUpgradeCheck = 2620;
				TargetAttributes = {
					151457FE302FE21A00DDFE07 = {
						CreatedOnToolsVersion = 26.2;
						LastSwiftMigration = 2700;
					};
				};
			};
			buildConfigurationList = 151457FA302FE21A00DDFE07 /* Build configuration list for PBXProject "Erosion" */;
			developmentRegion = en;
			hasScannedForEncodings = 0;
			knownRegions = (
				en,
				Base,
			);
			mainGroup = 151457F6302FE21A00DDFE07;
			minimizedProjectReferenceProxies = 1;
			packageReferences = (
				157FB19D30301A850050327F /* XCRemoteSwiftPackageReference "PartyUI" */,
				1541E9D13036B49300C8AF93 /* XCRemoteSwiftPackageReference "ZIPFoundation" */,
			);
			preferredProjectObjectVersion = 77;
			productRefGroup = 15145800302FE21A00DDFE07 /* Products */;
			projectDirPath = "";
			projectRoot = "";
			targets = (
				151457FE302FE21A00DDFE07 /* Erosion */,
			);
		};
/* End PBXProject section */

/* Begin PBXResourcesBuildPhase section */
		151457FD302FE21A00DDFE07 /* Resources */ = {
			isa = PBXResourcesBuildPhase;
			buildActionMask = 2147483647;
			files = (
				000000000000000000000010 /* Assets.xcassets in Resources */,
			);
			runOnlyForDeploymentPostprocessing = 0;
		};
/* End PBXResourcesBuildPhase section */

/* Begin PBXSourcesBuildPhase section */
		151457FB302FE21A00DDFE07 /* Sources */ = {
			isa = PBXSourcesBuildPhase;
			buildActionMask = 2147483647;
			files = (
				000000000000000000000008 /* ErosionApp.swift in Sources */,
				00000000000000000000000A /* ContentView.swift in Sources */,
				00000000000000000000000C /* ErosionManager.swift in Sources */,
				000000000000000000000012 /* App/ButtonStyles.swift in Sources */,
				000000000000000000000014 /* App/InfoSheet.swift in Sources */,
				000000000000000000000016 /* App/LogView.swift in Sources */,
				000000000000000000000018 /* App/SettingsView.swift in Sources */,
				00000000000000000000001A /* Exploits/BadQuerySwift.swift in Sources */,
				00000000000000000000001C /* Exploits/bad_query.c in Sources */,
				00000000000000000000001F /* Helpers/DeviceInfoHelpers.swift in Sources */,
				000000000000000000000021 /* Helpers/Extensions.swift in Sources */,
				000000000000000000000023 /* Helpers/FSHandlers.swift in Sources */,
				000000000000000000000025 /* Helpers/Respring.swift in Sources */,
				000000000000000000000027 /* Helpers/WriteHelpers.swift in Sources */,
				000000000000000000000029 /* MobileGestalt/GestaltHelpers.swift in Sources */,
				00000000000000000000002B /* MobileGestalt/GestaltStore.swift in Sources */,
				00000000000000000000002D /* MobileGestalt/GestaltView.swift in Sources */,
				00000000000000000000002F /* PosterBoard/PBHandler.swift in Sources */,
				000000000000000000000031 /* PosterBoard/PosterBoardView.swift in Sources */,
				000000000000000000000033 /* Tweaks/ConfigView.swift in Sources */,
				000000000000000000000035 /* Tweaks/OperationsView.swift in Sources */,
			);
			runOnlyForDeploymentPostprocessing = 0;
		};
/* End PBXSourcesBuildPhase section */

/* Begin XCBuildConfiguration section */
		15145808302FE21C00DDFE07 /* Debug */ = {
			isa = XCBuildConfiguration;
			buildSettings = {
				ALWAYS_SEARCH_USER_PATHS = NO;
				ASSETCATALOG_COMPILER_GENERATE_SWIFT_ASSET_SYMBOL_EXTENSIONS = YES;
				CLANG_ANALYZER_NONNULL = YES;
				CLANG_ANALYZER_NUMBER_OBJECT_CONVERSION = YES_AGGRESSIVE;
				CLANG_CXX_LANGUAGE_STANDARD = "gnu++20";
				CLANG_ENABLE_MODULES = YES;
				CLANG_ENABLE_OBJC_ARC = YES;
				CLANG_ENABLE_OBJC_WEAK = YES;
				CLANG_WARN_BLOCK_CAPTURE_AUTORELEASING = YES;
				CLANG_WARN_BOOL_CONVERSION = YES;
				CLANG_WARN_COMMA = YES;
				CLANG_WARN_CONSTANT_CONVERSION = YES;
				CLANG_WARN_DEPRECATED_OBJC_IMPLEMENTATIONS = YES;
				CLANG_WARN_DIRECT_OBJC_ISA_USAGE = YES_ERROR;
				CLANG_WARN_DOCUMENTATION_COMMENTS = YES;
				CLANG_WARN_EMPTY_BODY = YES;
				CLANG_WARN_ENUM_CONVERSION = YES;
				CLANG_WARN_INFINITE_RECURSION = YES;
				CLANG_WARN_INT_CONVERSION = YES;
				CLANG_WARN_NON_LITERAL_NULL_CONVERSION = YES;
				CLANG_WARN_OBJC_IMPLICIT_RETAIN_SELF = YES;
				CLANG_WARN_OBJC_LITERAL_CONVERSION = YES;
				CLANG_WARN_OBJC_ROOT_CLASS = YES_ERROR;
				CLANG_WARN_QUOTED_INCLUDE_IN_FRAMEWORK_HEADER = YES;
				CLANG_WARN_RANGE_LOOP_ANALYSIS = YES;
				CLANG_WARN_STRICT_PROTOTYPES = YES;
				CLANG_WARN_SUSPICIOUS_MOVE = YES;
				CLANG_WARN_UNGUARDED_AVAILABILITY = YES_AGGRESSIVE;
				CLANG_WARN_UNREACHABLE_CODE = YES;
				CLANG_WARN__DUPLICATE_METHOD_MATCH = YES;
				COPY_PHASE_STRIP = NO;
				DEBUG_INFORMATION_FORMAT = dwarf;
				DEVELOPMENT_TEAM = HTH7RGGR9D;
				ENABLE_STRICT_OBJC_MSGSEND = YES;
				ENABLE_TESTABILITY = YES;
				ENABLE_USER_SCRIPT_SANDBOXING = YES;
				GCC_C_LANGUAGE_STANDARD = gnu17;
				GCC_DYNAMIC_NO_PIC = NO;
				GCC_NO_COMMON_BLOCKS = YES;
				GCC_OPTIMIZATION_LEVEL = 0;
				GCC_PREPROCESSOR_DEFINITIONS = (
					"DEBUG=1",
					"$(inherited)",
				);
				GCC_WARN_64_TO_32_BIT_CONVERSION = YES;
				GCC_WARN_ABOUT_RETURN_TYPE = YES_ERROR;
				GCC_WARN_UNDECLARED_SELECTOR = YES;
				GCC_WARN_UNINITIALIZED_AUTOS = YES_AGGRESSIVE;
				GCC_WARN_UNUSED_FUNCTION = YES;
				GCC_WARN_UNUSED_VARIABLE = YES;
				LOCALIZATION_PREFERS_STRING_CATALOGS = YES;
				MTL_ENABLE_DEBUG_INFO = INCLUDE_SOURCE;
				MTL_FAST_MATH = YES;
				ONLY_ACTIVE_ARCH = YES;
				SWIFT_ACTIVE_COMPILATION_CONDITIONS = "DEBUG $(inherited)";
				SWIFT_OPTIMIZATION_LEVEL = "-Onone";
			};
			name = Debug;
		};
		15145809302FE21C00DDFE07 /* Release */ = {
			isa = XCBuildConfiguration;
			buildSettings = {
				ALWAYS_SEARCH_USER_PATHS = NO;
				ASSETCATALOG_COMPILER_GENERATE_SWIFT_ASSET_SYMBOL_EXTENSIONS = YES;
				CLANG_ANALYZER_NONNULL = YES;
				CLANG_ANALYZER_NUMBER_OBJECT_CONVERSION = YES_AGGRESSIVE;
				CLANG_CXX_LANGUAGE_STANDARD = "gnu++20";
				CLANG_ENABLE_MODULES = YES;
				CLANG_ENABLE_OBJC_ARC = YES;
				CLANG_ENABLE_OBJC_WEAK = YES;
				CLANG_WARN_BLOCK_CAPTURE_AUTORELEASING = YES;
				CLANG_WARN_BOOL_CONVERSION = YES;
				CLANG_WARN_COMMA = YES;
				CLANG_WARN_CONSTANT_CONVERSION = YES;
				CLANG_WARN_DEPRECATED_OBJC_IMPLEMENTATIONS = YES;
				CLANG_WARN_DIRECT_OBJC_ISA_USAGE = YES_ERROR;
				CLANG_WARN_DOCUMENTATION_COMMENTS = YES;
				CLANG_WARN_EMPTY_BODY = YES;
				CLANG_WARN_ENUM_CONVERSION = YES;
				CLANG_WARN_INFINITE_RECURSION = YES;
				CLANG_WARN_INT_CONVERSION = YES;
				CLANG_WARN_NON_LITERAL_NULL_CONVERSION = YES;
				CLANG_WARN_OBJC_IMPLICIT_RETAIN_SELF = YES;
				CLANG_WARN_OBJC_LITERAL_CONVERSION = YES;
				CLANG_WARN_OBJC_ROOT_CLASS = YES_ERROR;
				CLANG_WARN_QUOTED_INCLUDE_IN_FRAMEWORK_HEADER = YES;
				CLANG_WARN_RANGE_LOOP_ANALYSIS = YES;
				CLANG_WARN_STRICT_PROTOTYPES = YES;
				CLANG_WARN_SUSPICIOUS_MOVE = YES;
				CLANG_WARN_UNGUARDED_AVAILABILITY = YES_AGGRESSIVE;
				CLANG_WARN_UNREACHABLE_CODE = YES;
				CLANG_WARN__DUPLICATE_METHOD_MATCH = YES;
				COPY_PHASE_STRIP = NO;
				DEBUG_INFORMATION_FORMAT = "dwarf-with-dsym";
				DEVELOPMENT_TEAM = HTH7RGGR9D;
				ENABLE_NS_ASSERTIONS = NO;
				ENABLE_STRICT_OBJC_MSGSEND = YES;
				ENABLE_USER_SCRIPT_SANDBOXING = YES;
				GCC_C_LANGUAGE_STANDARD = gnu17;
				GCC_NO_COMMON_BLOCKS = YES;
				GCC_WARN_64_TO_32_BIT_CONVERSION = YES;
				GCC_WARN_ABOUT_RETURN_TYPE = YES_ERROR;
				GCC_WARN_UNDECLARED_SELECTOR = YES;
				GCC_WARN_UNINITIALIZED_AUTOS = YES_AGGRESSIVE;
				GCC_WARN_UNUSED_FUNCTION = YES;
				GCC_WARN_UNUSED_VARIABLE = YES;
				LOCALIZATION_PREFERS_STRING_CATALOGS = YES;
				MTL_ENABLE_DEBUG_INFO = NO;
				MTL_FAST_MATH = YES;
				SWIFT_COMPILATION_MODE = wholemodule;
			};
			name = Release;
		};
		1514580B302FE21C00DDFE07 /* Debug */ = {
			isa = XCBuildConfiguration;
			buildSettings = {
				ASSETCATALOG_COMPILER_APPICON_NAME = AppIcon;
				ASSETCATALOG_COMPILER_GLOBAL_ACCENT_COLOR_NAME = AccentColor;
				CLANG_ENABLE_MODULES = YES;
				CODE_SIGN_STYLE = Automatic;
				CURRENT_PROJECT_VERSION = 1;
				DEVELOPMENT_TEAM = HTH7RGGR9D;
				ENABLE_APP_SANDBOX = YES;
				ENABLE_HARDENED_RUNTIME = YES;
				ENABLE_PREVIEWS = YES;
				ENABLE_USER_SELECTED_FILES = readonly;
				GENERATE_INFOPLIST_FILE = YES;
				INFOPLIST_FILE = Erosion/Info.plist;
				INFOPLIST_KEY_LSSupportsOpeningDocumentsInPlace = YES;
				"INFOPLIST_KEY_UIApplicationSceneManifest_Generation[sdk=iphoneos*]" = YES;
				"INFOPLIST_KEY_UIApplicationSceneManifest_Generation[sdk=iphonesimulator*]" = YES;
				"INFOPLIST_KEY_UIApplicationSupportsIndirectInputEvents[sdk=iphoneos*]" = YES;
				"INFOPLIST_KEY_UIApplicationSupportsIndirectInputEvents[sdk=iphonesimulator*]" = YES;
				"INFOPLIST_KEY_UILaunchScreen_Generation[sdk=iphoneos*]" = YES;
				"INFOPLIST_KEY_UILaunchScreen_Generation[sdk=iphonesimulator*]" = YES;
				"INFOPLIST_KEY_UIStatusBarStyle[sdk=iphoneos*]" = UIStatusBarStyleDefault;
				"INFOPLIST_KEY_UIStatusBarStyle[sdk=iphonesimulator*]" = UIStatusBarStyleDefault;
				INFOPLIST_KEY_UISupportedInterfaceOrientations_iPad = "UIInterfaceOrientationPortrait UIInterfaceOrientationPortraitUpsideDown UIInterfaceOrientationLandscapeLeft UIInterfaceOrientationLandscapeRight";
				INFOPLIST_KEY_UISupportedInterfaceOrientations_iPhone = "UIInterfaceOrientationPortrait UIInterfaceOrientationLandscapeLeft UIInterfaceOrientationLandscapeRight";
				IPHONEOS_DEPLOYMENT_TARGET = 18.0;
				LD_RUNPATH_SEARCH_PATHS = "@executable_path/Frameworks";
				"LD_RUNPATH_SEARCH_PATHS[sdk=macosx*]" = "@executable_path/../Frameworks";
				MACOSX_DEPLOYMENT_TARGET = 26.2;
				MARKETING_VERSION = 0.1;
				PRODUCT_BUNDLE_IDENTIFIER = com.jbdotparty.Erosion;
				PRODUCT_NAME = "$(TARGET_NAME)";
				REGISTER_APP_GROUPS = YES;
				SDKROOT = auto;
				STRING_CATALOG_GENERATE_SYMBOLS = YES;
				SUPPORTED_PLATFORMS = "iphoneos iphonesimulator";
				SUPPORTS_MACCATALYST = NO;
				SWIFT_APPROACHABLE_CONCURRENCY = YES;
				SWIFT_DEFAULT_ACTOR_ISOLATION = MainActor;
				SWIFT_EMIT_LOC_STRINGS = YES;
				SWIFT_OBJC_BRIDGING_HEADER = Erosion/bridge.h;
				SWIFT_OPTIMIZATION_LEVEL = "-Onone";
				SWIFT_UPCOMING_FEATURE_MEMBER_IMPORT_VISIBILITY = YES;
				SWIFT_VERSION = 5.0;
				TARGETED_DEVICE_FAMILY = "1,2";
				XROS_DEPLOYMENT_TARGET = 26.2;
			};
			name = Debug;
		};
		1514580C302FE21C00DDFE07 /* Release */ = {
			isa = XCBuildConfiguration;
			buildSettings = {
				ASSETCATALOG_COMPILER_APPICON_NAME = AppIcon;
				ASSETCATALOG_COMPILER_GLOBAL_ACCENT_COLOR_NAME = AccentColor;
				CLANG_ENABLE_MODULES = YES;
				CODE_SIGN_STYLE = Automatic;
				CURRENT_PROJECT_VERSION = 1;
				DEVELOPMENT_TEAM = HTH7RGGR9D;
				ENABLE_APP_SANDBOX = YES;
				ENABLE_HARDENED_RUNTIME = YES;
				ENABLE_PREVIEWS = YES;
				ENABLE_USER_SELECTED_FILES = readonly;
				GENERATE_INFOPLIST_FILE = YES;
				INFOPLIST_FILE = Erosion/Info.plist;
				INFOPLIST_KEY_LSSupportsOpeningDocumentsInPlace = YES;
				"INFOPLIST_KEY_UIApplicationSceneManifest_Generation[sdk=iphoneos*]" = YES;
				"INFOPLIST_KEY_UIApplicationSceneManifest_Generation[sdk=iphonesimulator*]" = YES;
				"INFOPLIST_KEY_UIApplicationSupportsIndirectInputEvents[sdk=iphoneos*]" = YES;
				"INFOPLIST_KEY_UIApplicationSupportsIndirectInputEvents[sdk=iphonesimulator*]" = YES;
				"INFOPLIST_KEY_UILaunchScreen_Generation[sdk=iphoneos*]" = YES;
				"INFOPLIST_KEY_UILaunchScreen_Generation[sdk=iphonesimulator*]" = YES;
				"INFOPLIST_KEY_UIStatusBarStyle[sdk=iphoneos*]" = UIStatusBarStyleDefault;
				"INFOPLIST_KEY_UIStatusBarStyle[sdk=iphonesimulator*]" = UIStatusBarStyleDefault;
				INFOPLIST_KEY_UISupportedInterfaceOrientations_iPad = "UIInterfaceOrientationPortrait UIInterfaceOrientationPortraitUpsideDown UIInterfaceOrientationLandscapeLeft UIInterfaceOrientationLandscapeRight";
				INFOPLIST_KEY_UISupportedInterfaceOrientations_iPhone = "UIInterfaceOrientationPortrait UIInterfaceOrientationLandscapeLeft UIInterfaceOrientationLandscapeRight";
				IPHONEOS_DEPLOYMENT_TARGET = 18.0;
				LD_RUNPATH_SEARCH_PATHS = "@executable_path/Frameworks";
				"LD_RUNPATH_SEARCH_PATHS[sdk=macosx*]" = "@executable_path/../Frameworks";
				MACOSX_DEPLOYMENT_TARGET = 26.2;
				MARKETING_VERSION = 0.1;
				PRODUCT_BUNDLE_IDENTIFIER = com.jbdotparty.Erosion;
				PRODUCT_NAME = "$(TARGET_NAME)";
				REGISTER_APP_GROUPS = YES;
				SDKROOT = auto;
				STRING_CATALOG_GENERATE_SYMBOLS = YES;
				SUPPORTED_PLATFORMS = "iphoneos iphonesimulator";
				SUPPORTS_MACCATALYST = NO;
				SWIFT_APPROACHABLE_CONCURRENCY = YES;
				SWIFT_DEFAULT_ACTOR_ISOLATION = MainActor;
				SWIFT_EMIT_LOC_STRINGS = YES;
				SWIFT_OBJC_BRIDGING_HEADER = Erosion/bridge.h;
				SWIFT_UPCOMING_FEATURE_MEMBER_IMPORT_VISIBILITY = YES;
				SWIFT_VERSION = 5.0;
				TARGETED_DEVICE_FAMILY = "1,2";
				XROS_DEPLOYMENT_TARGET = 26.2;
			};
			name = Release;
		};
/* End XCBuildConfiguration section */

/* Begin XCConfigurationList section */
		151457FA302FE21A00DDFE07 /* Build configuration list for PBXProject "Erosion" */ = {
			isa = XCConfigurationList;
			buildConfigurations = (
				15145808302FE21C00DDFE07 /* Debug */,
				15145809302FE21C00DDFE07 /* Release */,
			);
			defaultConfigurationIsVisible = 0;
			defaultConfigurationName = Release;
		};
		1514580A302FE21C00DDFE07 /* Build configuration list for PBXNativeTarget "Erosion" */ = {
			isa = XCConfigurationList;
			buildConfigurations = (
				1514580B302FE21C00DDFE07 /* Debug */,
				1514580C302FE21C00DDFE07 /* Release */,
			);
			defaultConfigurationIsVisible = 0;
			defaultConfigurationName = Release;
		};
/* End XCConfigurationList section */

/* Begin XCRemoteSwiftPackageReference section */
		1541E9D13036B49300C8AF93 /* XCRemoteSwiftPackageReference "ZIPFoundation" */ = {
			isa = XCRemoteSwiftPackageReference;
			repositoryURL = "https://github.com/weichsel/ZIPFoundation";
			requirement = {
				kind = upToNextMajorVersion;
				minimumVersion = 0.9.20;
			};
		};
		157FB19D30301A850050327F /* XCRemoteSwiftPackageReference "PartyUI" */ = {
			isa = XCRemoteSwiftPackageReference;
			repositoryURL = "https://github.com/jailbreakdotparty/PartyUI.git";
			requirement = {
				kind = upToNextMajorVersion;
				minimumVersion = 1.2.1;
			};
		};
/* End XCRemoteSwiftPackageReference section */

/* Begin XCSwiftPackageProductDependency section */
		1541E9D23036B49300C8AF93 /* ZIPFoundation */ = {
			isa = XCSwiftPackageProductDependency;
			package = 1541E9D13036B49300C8AF93 /* XCRemoteSwiftPackageReference "ZIPFoundation" */;
			productName = ZIPFoundation;
		};
		157FB19E30301A850050327F /* PartyUI */ = {
			isa = XCSwiftPackageProductDependency;
			package = 157FB19D30301A850050327F /* XCRemoteSwiftPackageReference "PartyUI" */;
			productName = PartyUI;
		};
/* End XCSwiftPackageProductDependency section */
	};
	rootObject = 151457F7302FE21A00DDFE07 /* Project object */;
}
